
Microsoft Visual Studio Solution File, Format Version 12.00
# Visual Studio Version 16
VisualStudioVersion = 16.0.30330.147
MinimumVisualStudioVersion = 10.0.40219.1
Project("{FAE04EC0-301F-11D3-BF4B-00C04F79EFBC}") = "SmartImage.GUI", "SmartImage.GUI\SmartImage.GUI.csproj", "{F432CBEB-E136-4004-9B3E-9A6CC940361F}"
EndProject
Global
	GlobalSection(SolutionConfigurationPlatforms) = preSolution
		Debug|Any CPU = Debug|Any CPU
		Release|Any CPU = Release|Any CPU
	EndGlobalSection
	GlobalSection(ProjectConfigurationPlatforms) = postSolution
		{F432CBEB-E136-4004-9B3E-9A6CC940361F}.Debug|Any CPU.ActiveCfg = Debug|Any CPU
		{F432CBEB-E136-4004-9B3E-9A6CC940361F}.Debug|Any CPU.Build.0 = Debug|Any CPU
		{F432CBEB-E136-4004-9B3E-9A6CC940361F}.Release|Any CPU.ActiveCfg = Release|Any CPU
		{F432CBEB-E136-4004-9B3E-9A6CC940361F}.Release|Any CPU.Build.0 = Release|Any CPU
	EndGlobalSection
	GlobalSection(SolutionProperties) = preSolution
		HideSolutionNode = FALSE
	EndGlobalSection
	GlobalSection(ExtensibilityGlobals) = postSolution
		SolutionGuid = {335FBD52-C963-4B67-9EDD-9CC8B3F9F646}
	EndGlobalSection
EndGlobal
